
Microsoft Visual Studio Solution File, Format Version 12.00
# Visual Studio Version 17
VisualStudioVersion = 17.4.33213.308
MinimumVisualStudioVersion = 10.0.40219.1
Project("{888888A0-9F3D-457C-B088-3A5042F75D52}") = "QuizGame", "QuizGame\QuizGame.pyproj", "{92117FF7-8901-4422-8DB2-82A439729DD9}"
EndProject
Global
	GlobalSection(SolutionConfigurationPlatforms) = preSolution
		Debug|Any CPU = Debug|Any CPU
		Release|Any CPU = Release|Any CPU
	EndGlobalSection
	GlobalSection(ProjectConfigurationPlatforms) = postSolution
		{92117FF7-8901-4422-8DB2-82A439729DD9}.Debug|Any CPU.ActiveCfg = Debug|Any CPU
		{92117FF7-8901-4422-8DB2-82A439729DD9}.Release|Any CPU.ActiveCfg = Release|Any CPU
	EndGlobalSection
	GlobalSection(SolutionProperties) = preSolution
		HideSolutionNode = FALSE
	EndGlobalSection
	GlobalSection(ExtensibilityGlobals) = postSolution
		SolutionGuid = {6BA91580-048F-425D-A121-40EFC0F8F5C0}
	EndGlobalSection
EndGlobal
